// !$*UTF8*$!
{
	archiveVersion = 1;
	classes = {
	};
	objectVersion = 46;
	objects = {

/* Begin PBXBuildFile section */
		A92048541B3E7A32003A483D /* AppDelegate.m in Sources */ = {isa = PBXBuildFile; fileRef = A92048531B3E7A32003A483D /* AppDelegate.m */; };
		A92048561B3E7A32003A483D /* main.m in Sources */ = {isa = PBXBuildFile; fileRef = A92048551B3E7A32003A483D /* main.m */; };
		A92048581B3E7A32003A483D /* Images.xcassets in Resources */ = {isa = PBXBuildFile; fileRef = A92048571B3E7A32003A483D /* Images.xcassets */; };
		A920485B1B3E7A32003A483D /* MainMenu.xib in Resources */ = {isa = PBXBuildFile; fileRef = A92048591B3E7A32003A483D /* MainMenu.xib */; };
		A92048671B3E7A32003A483D /* FavoImgs_HelperTests.m in Sources */ = {isa = PBXBuildFile; fileRef = A92048661B3E7A32003A483D /* FavoImgs_HelperTests.m */; };
/* End PBXBuildFile section */

/* Begin PBXContainerItemProxy section */
		A92048611B3E7A32003A483D /* PBXContainerItemProxy */ = {
			isa = PBXContainerItemProxy;
			containerPortal = A92048451B3E7A32003A483D /* Project object */;
			proxyType = 1;
			remoteGlobalIDString = A920484C1B3E7A32003A483D;
			remoteInfo = "FavoImgs Helper";
		};
/* End PBXContainerItemProxy section */

/* Begin PBXFileReference section */
		A920484D1B3E7A32003A483D /* FavoImgs Helper.app */ = {isa = PBXFileReference; explicitFileType = wrapper.application; includeInIndex = 0; path = "FavoImgs Helper.app"; sourceTree = BUILT_PRODUCTS_DIR; };
		A92048511B3E7A32003A483D /* Info.plist */ = {isa = PBXFileReference; lastKnownFileType = text.plist.xml; path = Info.plist; sourceTree = "<group>"; };
		A92048521B3E7A32003A483D /* AppDelegate.h */ = {isa = PBXFileReference; lastKnownFileType = sourcecode.c.h; path = AppDelegate.h; sourceTree = "<group>"; };
		A92048531B3E7A32003A483D /* AppDelegate.m */ = {isa = PBXFileReference; lastKnownFileType = sourcecode.c.objc; path = AppDelegate.m; sourceTree = "<group>"; };
		A92048551B3E7A32003A483D /* main.m */ = {isa = PBXFileReference; lastKnownFileType = sourcecode.c.objc; path = main.m; sourceTree = "<group>"; };
		A92048571B3E7A32003A483D /* Images.xcassets */ = {isa = PBXFileReference; lastKnownFileType = folder.assetcatalog; path = Images.xcassets; sourceTree = "<group>"; };
		A920485A1B3E7A32003A483D /* Base */ = {isa = PBXFileReference; lastKnownFileType = file.xib; name = Base; path = Base.lproj/MainMenu.xib; sourceTree = "<group>"; };
		A92048601B3E7A32003A483D /* FavoImgs HelperTests.xctest */ = {isa = PBXFileReference; explicitFileType = wrapper.cfbundle; includeInIndex = 0; path = "FavoImgs HelperTests.xctest"; sourceTree = BUILT_PRODUCTS_DIR; };
		A92048651B3E7A32003A483D /* Info.plist */ = {isa = PBXFileReference; lastKnownFileType = text.plist.xml; path = Info.plist; sourceTree = "<group>"; };
		A92048661B3E7A32003A483D /* FavoImgs_HelperTests.m */ = {isa = PBXFileReference; lastKnownFileType = sourcecode.c.objc; path = FavoImgs_HelperTests.m; sourceTree = "<group>"; };
/* End PBXFileReference section */

/* Begin PBXFrameworksBuildPhase section */
		A920484A1B3E7A32003A483D /* Frameworks */ = {
			isa = PBXFrameworksBuildPhase;
			buildActionMask = 2147483647;
			files = (
			);
			runOnlyForDeploymentPostprocessing = 0;
		};
		A920485D1B3E7A32003A483D /* Frameworks */ = {
			isa = PBXFrameworksBuildPhase;
			buildActionMask = 2147483647;
			files = (
			);
			runOnlyForDeploymentPostprocessing = 0;
		};
/* End PBXFrameworksBuildPhase section */

/* Begin PBXGroup section */
		A92048441B3E7A32003A483D = {
			isa = PBXGroup;
			children = (
				A920484F1B3E7A32003A483D /* FavoImgs Helper */,
				A92048631B3E7A32003A483D /* FavoImgs HelperTests */,
				A920484E1B3E7A32003A483D /* Products */,
			);
			sourceTree = "<group>";
		};
		A920484E1B3E7A32003A483D /* Products */ = {
			isa = PBXGroup;
			children = (
				A920484D1B3E7A32003A483D /* FavoImgs Helper.app */,
				A92048601B3E7A32003A483D /* FavoImgs HelperTests.xctest */,
			);
			name = Products;
			sourceTree = "<group>";
		};
		A920484F1B3E7A32003A483D /* FavoImgs Helper */ = {
			isa = PBXGroup;
			children = (
				A92048521B3E7A32003A483D /* AppDelegate.h */,
				A92048531B3E7A32003A483D /* AppDelegate.m */,
				A92048571B3E7A32003A483D /* Images.xcassets */,
				A92048591B3E7A32003A483D /* MainMenu.xib */,
				A92048501B3E7A32003A483D /* Supporting Files */,
			);
			path = "FavoImgs Helper";
			sourceTree = "<group>";
		};
		A92048501B3E7A32003A483D /* Supporting Files */ = {
			isa = PBXGroup;
			children = (
				A92048511B3E7A32003A483D /* Info.plist */,
				A92048551B3E7A32003A483D /* main.m */,
			);
			name = "Supporting Files";
			sourceTree = "<group>";
		};
		A92048631B3E7A32003A483D /* FavoImgs HelperTests */ = {
			isa = PBXGroup;
			children = (
				A92048661B3E7A32003A483D /* FavoImgs_HelperTests.m */,
				A92048641B3E7A32003A483D /* Supporting Files */,
			);
			path = "FavoImgs HelperTests";
			sourceTree = "<group>";
		};
		A92048641B3E7A32003A483D /* Supporting Files */ = {
			isa = PBXGroup;
			children = (
				A92048651B3E7A32003A483D /* Info.plist */,
			);
			name = "Supporting Files";
			sourceTree = "<group>";
		};
/* End PBXGroup section */

/* Begin PBXNativeTarget section */
		A920484C1B3E7A32003A483D /* FavoImgs Helper */ = {
			isa = PBXNativeTarget;
			buildConfigurationList = A920486A1B3E7A32003A483D /* Build configuration list for PBXNativeTarget "FavoImgs Helper" */;
			buildPhases = (
				A92048491B3E7A32003A483D /* Sources */,
				A920484A1B3E7A32003A483D /* Frameworks */,
				A920484B1B3E7A32003A483D /* Resources */,
			);
			buildRules = (
			);
			dependencies = (
			);
			name = "FavoImgs Helper";
			productName = "FavoImgs Helper";
			productReference = A920484D1B3E7A32003A483D /* FavoImgs Helper.app */;
			productType = "com.apple.product-type.application";
		};
		A920485F1B3E7A32003A483D /* FavoImgs HelperTests */ = {
			isa = PBXNativeTarget;
			buildConfigurationList = A920486D1B3E7A32003A483D /* Build configuration list for PBXNativeTarget "FavoImgs HelperTests" */;
			buildPhases = (
				A920485C1B3E7A32003A483D /* Sources */,
				A920485D1B3E7A32003A483D /* Frameworks */,
				A920485E1B3E7A32003A483D /* Resources */,
			);
			buildRules = (
			);
			dependencies = (
				A92048621B3E7A32003A483D /* PBXTargetDependency */,
			);
			name = "FavoImgs HelperTests";
			productName = "FavoImgs HelperTests";
			productReference = A92048601B3E7A32003A483D /* FavoImgs HelperTests.xctest */;
			productType = "com.apple.product-type.bundle.unit-test";
		};
/* End PBXNativeTarget section */

/* Begin PBXProject section */
		A92048451B3E7A32003A483D /* Project object */ = {
			isa = PBXProject;
			attributes = {
				LastUpgradeCheck = 0630;
				ORGANIZATIONNAME = "Seungho Kim";
				TargetAttributes = {
					A920484C1B3E7A32003A483D = {
						CreatedOnToolsVersion = 6.3.2;
					};
					A920485F1B3E7A32003A483D = {
						CreatedOnToolsVersion = 6.3.2;
						TestTargetID = A920484C1B3E7A32003A483D;
					};
				};
			};
			buildConfigurationList = A92048481B3E7A32003A483D /* Build configuration list for PBXProject "FavoImgs Helper" */;
			compatibilityVersion = "Xcode 3.2";
			developmentRegion = English;
			hasScannedForEncodings = 0;
			knownRegions = (
				en,
				Base,
			);
			mainGroup = A92048441B3E7A32003A483D;
			productRefGroup = A920484E1B3E7A32003A483D /* Products */;
			projectDirPath = "";
			projectRoot = "";
			targets = (
				A920484C1B3E7A32003A483D /* FavoImgs Helper */,
				A920485F1B3E7A32003A483D /* FavoImgs HelperTests */,
			);
		};
/* End PBXProject section */

/* Begin PBXResourcesBuildPhase section */
		A920484B1B3E7A32003A483D /* Resources */ = {
			isa = PBXResourcesBuildPhase;
			buildActionMask = 2147483647;
			files = (
				A92048581B3E7A32003A483D /* Images.xcassets in Resources */,
				A920485B1B3E7A32003A483D /* MainMenu.xib in Resources */,
			);
			runOnlyForDeploymentPostprocessing = 0;
		};
		A920485E1B3E7A32003A483D /* Resources */ = {
			isa = PBXResourcesBuildPhase;
			buildActionMask = 2147483647;
			files = (
			);
			runOnlyForDeploymentPostprocessing = 0;
		};
/* End PBXResourcesBuildPhase section */

/* Begin PBXSourcesBuildPhase section */
		A92048491B3E7A32003A483D /* Sources */ = {
			isa = PBXSourcesBuildPhase;
			buildActionMask = 2147483647;
			files = (
				A92048561B3E7A32003A483D /* main.m in Sources */,
				A92048541B3E7A32003A483D /* AppDelegate.m in Sources */,
			);
			runOnlyForDeploymentPostprocessing = 0;
		};
		A920485C1B3E7A32003A483D /* Sources */ = {
			isa = PBXSourcesBuildPhase;
			buildActionMask = 2147483647;
			files = (
				A92048671B3E7A32003A483D /* FavoImgs_HelperTests.m in Sources */,
			);
			runOnlyForDeploymentPostprocessing = 0;
		};
/* End PBXSourcesBuildPhase section */

/* Begin PBXTargetDependency section */
		A92048621B3E7A32003A483D /* PBXTargetDependency */ = {
			isa = PBXTargetDependency;
			target = A920484C1B3E7A32003A483D /* FavoImgs Helper */;
			targetProxy = A92048611B3E7A32003A483D /* PBXContainerItemProxy */;
		};
/* End PBXTargetDependency section */

/* Begin PBXVariantGroup section */
		A92048591B3E7A32003A483D /* MainMenu.xib */ = {
			isa = PBXVariantGroup;
			children = (
				A920485A1B3E7A32003A483D /* Base */,
			);
			name = MainMenu.xib;
			sourceTree = "<group>";
		};
/* End PBXVariantGroup section */

/* Begin XCBuildConfiguration section */
		A92048681B3E7A32003A483D /* Debug */ = {
			isa = XCBuildConfiguration;
			buildSettings = {
				ALWAYS_SEARCH_USER_PATHS = NO;
				CLANG_CXX_LANGUAGE_STANDARD = "gnu++0x";
				CLANG_CXX_LIBRARY = "libc++";
				CLANG_ENABLE_MODULES = YES;
				CLANG_ENABLE_OBJC_ARC = YES;
				CLANG_WARN_BOOL_CONVERSION = YES;
				CLANG_WARN_CONSTANT_CONVERSION = YES;
				CLANG_WARN_DIRECT_OBJC_ISA_USAGE = YES_ERROR;
				CLANG_WARN_EMPTY_BODY = YES;
				CLANG_WARN_ENUM_CONVERSION = YES;
				CLANG_WARN_INT_CONVERSION = YES;
				CLANG_WARN_OBJC_ROOT_CLASS = YES_ERROR;
				CLANG_WARN_UNREACHABLE_CODE = YES;
				CLANG_WARN__DUPLICATE_METHOD_MATCH = YES;
				CODE_SIGN_IDENTITY = "-";
				COPY_PHASE_STRIP = NO;
				DEBUG_INFORMATION_FORMAT = dwarf;
				ENABLE_STRICT_OBJC_MSGSEND = YES;
				GCC_C_LANGUAGE_STANDARD = gnu99;
				GCC_DYNAMIC_NO_PIC = NO;
				GCC_NO_COMMON_BLOCKS = YES;
				GCC_OPTIMIZATION_LEVEL = 0;
				GCC_PREPROCESSOR_DEFINITIONS = (
					"DEBUG=1",
					"$(inherited)",
				);
				GCC_SYMBOLS_PRIVATE_EXTERN = NO;
				GCC_WARN_64_TO_32_BIT_CONVERSION = YES;
				GCC_WARN_ABOUT_RETURN_TYPE = YES_ERROR;
				GCC_WARN_UNDECLARED_SELECTOR = YES;
				GCC_WARN_UNINITIALIZED_AUTOS = YES_AGGRESSIVE;
				GCC_WARN_UNUSED_FUNCTION = YES;
				GCC_WARN_UNUSED_VARIABLE = YES;
				MACOSX_DEPLOYMENT_TARGET = 10.10;
				MTL_ENABLE_DEBUG_INFO = YES;
				ONLY_ACTIVE_ARCH = YES;
				SDKROOT = macosx;
			};
			name = Debug;
		};
		A92048691B3E7A32003A483D /* Release */ = {
			isa = XCBuildConfiguration;
			buildSettings = {
				ALWAYS_SEARCH_USER_PATHS = NO;
				CLANG_CXX_LANGUAGE_STANDARD = "gnu++0x";
				CLANG_CXX_LIBRARY = "libc++";
				CLANG_ENABLE_MODULES = YES;
				CLANG_ENABLE_OBJC_ARC = YES;
				CLANG_WARN_BOOL_CONVERSION = YES;
				CLANG_WARN_CONSTANT_CONVERSION = YES;
				CLANG_WARN_DIRECT_OBJC_ISA_USAGE = YES_ERROR;
				CLANG_WARN_EMPTY_BODY = YES;
				CLANG_WARN_ENUM_CONVERSION = YES;
				CLANG_WARN_INT_CONVERSION = YES;
				CLANG_WARN_OBJC_ROOT_CLASS = YES_ERROR;
				CLANG_WARN_UNREACHABLE_CODE = YES;
				CLANG_WARN__DUPLICATE_METHOD_MATCH = YES;
				CODE_SIGN_IDENTITY = "-";
				COPY_PHASE_STRIP = NO;
				DEBUG_INFORMATION_FORMAT = "dwarf-with-dsym";
				ENABLE_NS_ASSERTIONS = NO;
				ENABLE_STRICT_OBJC_MSGSEND = YES;
				GCC_C_LANGUAGE_STANDARD = gnu99;
				GCC_NO_COMMON_BLOCKS = YES;
				GCC_WARN_64_TO_32_BIT_CONVERSION = YES;
				GCC_WARN_ABOUT_RETURN_TYPE = YES_ERROR;
				GCC_WARN_UNDECLARED_SELECTOR = YES;
				GCC_WARN_UNINITIALIZED_AUTOS = YES_AGGRESSIVE;
				GCC_WARN_UNUSED_FUNCTION = YES;
				GCC_WARN_UNUSED_VARIABLE = YES;
				MACOSX_DEPLOYMENT_TARGET = 10.10;
				MTL_ENABLE_DEBUG_INFO = NO;
				SDKROOT = macosx;
			};
			name = Release;
		};
		A920486B1B3E7A32003A483D /* Debug */ = {
			isa = XCBuildConfiguration;
			buildSettings = {
				ASSETCATALOG_COMPILER_APPICON_NAME = AppIcon;
				COMBINE_HIDPI_IMAGES = YES;
				INFOPLIST_FILE = "FavoImgs Helper/Info.plist";
				LD_RUNPATH_SEARCH_PATHS = "$(inherited) @executable_path/../Frameworks";
				PRODUCT_NAME = "$(TARGET_NAME)";
			};
			name = Debug;
		};
		A920486C1B3E7A32003A483D /* Release */ = {
			isa = XCBuildConfiguration;
			buildSettings = {
				ASSETCATALOG_COMPILER_APPICON_NAME = AppIcon;
				COMBINE_HIDPI_IMAGES = YES;
				INFOPLIST_FILE = "FavoImgs Helper/Info.plist";
				LD_RUNPATH_SEARCH_PATHS = "$(inherited) @executable_path/../Frameworks";
				PRODUCT_NAME = "$(TARGET_NAME)";
			};
			name = Release;
		};
		A920486E1B3E7A32003A483D /* Debug */ = {
			isa = XCBuildConfiguration;
			buildSettings = {
				BUNDLE_LOADER = "$(TEST_HOST)";
				COMBINE_HIDPI_IMAGES = YES;
				FRAMEWORK_SEARCH_PATHS = (
					"$(DEVELOPER_FRAMEWORKS_DIR)",
					"$(inherited)",
				);
				GCC_PREPROCESSOR_DEFINITIONS = (
					"DEBUG=1",
					"$(inherited)",
				);
				INFOPLIST_FILE = "FavoImgs HelperTests/Info.plist";
				LD_RUNPATH_SEARCH_PATHS = "$(inherited) @executable_path/../Frameworks @loader_path/../Frameworks";
				PRODUCT_NAME = "$(TARGET_NAME)";
				TEST_HOST = "$(BUILT_PRODUCTS_DIR)/FavoImgs Helper.app/Contents/MacOS/FavoImgs Helper";
			};
			name = Debug;
		};
		A920486F1B3E7A32003A483D /* Release */ = {
			isa = XCBuildConfiguration;
			buildSettings = {
				BUNDLE_LOADER = "$(TEST_HOST)";
				COMBINE_HIDPI_IMAGES = YES;
				FRAMEWORK_SEARCH_PATHS = (
					"$(DEVELOPER_FRAMEWORKS_DIR)",
					"$(inherited)",
				);
				INFOPLIST_FILE = "FavoImgs HelperTests/Info.plist";
				LD_RUNPATH_SEARCH_PATHS = "$(inherited) @executable_path/../Frameworks @loader_path/../Frameworks";
				PRODUCT_NAME = "$(TARGET_NAME)";
				TEST_HOST = "$(BUILT_PRODUCTS_DIR)/FavoImgs Helper.app/Contents/MacOS/FavoImgs Helper";
			};
			name = Release;
		};
/* End XCBuildConfiguration section */

/* Begin XCConfigurationList section */
		A92048481B3E7A32003A483D /* Build configuration list for PBXProject "FavoImgs Helper" */ = {
			isa = XCConfigurationList;
			buildConfigurations = (
				A92048681B3E7A32003A483D /* Debug */,
				A92048691B3E7A32003A483D /* Release */,
			);
			defaultConfigurationIsVisible = 0;
			defaultConfigurationName = Release;
		};
		A920486A1B3E7A32003A483D /* Build configuration list for PBXNativeTarget "FavoImgs Helper" */ = {
			isa = XCConfigurationList;
			buildConfigurations = (
				A920486B1B3E7A32003A483D /* Debug */,
				A920486C1B3E7A32003A483D /* Release */,
			);
			defaultConfigurationIsVisible = 0;
		};
		A920486D1B3E7A32003A483D /* Build configuration list for PBXNativeTarget "FavoImgs HelperTests" */ = {
			isa = XCConfigurationList;
			buildConfigurations = (
				A920486E1B3E7A32003A483D /* Debug */,
				A920486F1B3E7A32003A483D /* Release */,
			);
			defaultConfigurationIsVisible = 0;
		};
/* End XCConfigurationList section */
	};
	rootObject = A92048451B3E7A32003A483D /* Project object */;
}
